
Microsoft Visual Studio Solution File, Format Version 12.00
# Visual Studio 15
VisualStudioVersion = 15.0.28307.329
MinimumVisualStudioVersion = 10.0.40219.1
Project("{FAE04EC0-301F-11D3-BF4B-00C04F79EFBC}") = "CalendarJs", "CalendarJs\CalendarJs.csproj", "{0F03DD2E-60AD-4446-8D15-7A191618FE39}"
EndProject
Global
	GlobalSection(SolutionConfigurationPlatforms) = preSolution
		Debug|Any CPU = Debug|Any CPU
		Release|Any CPU = Release|Any CPU
	EndGlobalSection
	GlobalSection(ProjectConfigurationPlatforms) = postSolution
		{0F03DD2E-60AD-4446-8D15-7A191618FE39}.Debug|Any CPU.ActiveCfg = Debug|Any CPU
		{0F03DD2E-60AD-4446-8D15-7A191618FE39}.Debug|Any CPU.Build.0 = Debug|Any CPU
		{0F03DD2E-60AD-4446-8D15-7A191618FE39}.Release|Any CPU.ActiveCfg = Release|Any CPU
		{0F03DD2E-60AD-4446-8D15-7A191618FE39}.Release|Any CPU.Build.0 = Release|Any CPU
	EndGlobalSection
	GlobalSection(SolutionProperties) = preSolution
		HideSolutionNode = FALSE
	EndGlobalSection
	GlobalSection(ExtensibilityGlobals) = postSolution
		SolutionGuid = {35744FD5-4EF0-426D-B0B5-86B030ADA893}
	EndGlobalSection
EndGlobal
